{
  "name": "makers-web",
  "version": "1.0.0",
  "lockfileVersion": 1,
  "requires": true,
  "dependencies": {
    "@types/node": {
      "version": "11.10.4",
      "resolved": "https://registry.npmjs.org/@types/node/-/node-11.10.4.tgz",
      "integrity": "sha512-wa09itaLE8L705aXd8F80jnFpxz3Y1/KRHfKsYL2bPc0XF+wEWu8sR9n5bmeu8Ba1N9z2GRNzm/YdHcghLkLKg=="
    },
    "@types/prop-types": {
      "version": "15.7.0",
      "resolved": "https://registry.npmjs.org/@types/prop-types/-/prop-types-15.7.0.tgz",
      "integrity": "sha512-eItQyV43bj4rR3JPV0Skpl1SncRCdziTEK9/v8VwXmV6d/qOUO8/EuWeHBbCZcsfSHfzI5UyMJLCSXtxxznyZg=="
    },
    "@types/react": {
      "version": "16.8.6",
      "resolved": "https://registry.npmjs.org/@types/react/-/react-16.8.6.tgz",
      "integrity": "sha512-bN9qDjEMltmHrl0PZRI4IF2AbB7V5UlRfG+OOduckVnRQ4VzXVSzy/1eLAh778IEqhTnW0mmgL9yShfinNverA==",
      "requires": {
        "@types/prop-types": "*",
        "csstype": "^2.2.0"
      }
    },
    "@types/react-stripe-elements": {
      "version": "1.1.10",
      "resolved": "https://registry.npmjs.org/@types/react-stripe-elements/-/react-stripe-elements-1.1.10.tgz",
      "integrity": "sha512-FcGRb2Rwolgx6/epqnZ4ZOMHTx6wUBhkVFWWvob46fBBece3cvxCaP/vPFhf3+dUHfQeITCjMEavdB6rrbZFzg==",
      "requires": {
        "@types/react": "*",
        "@types/stripe-v3": "*"
      }
    },
    "@types/stripe": {
      "version": "6.19.8",
      "resolved": "https://registry.npmjs.org/@types/stripe/-/stripe-6.19.8.tgz",
      "integrity": "sha512-MJbX7QjwV7sgoeHHsTtp1twAkplKfuY5M8b09Ko6Hf0mCfnECDA9iJ13VamLoPhxwaEkEL+FX+WSSZmUKO+Dkw==",
      "requires": {
        "@types/node": "*"
      }
    },
    "@types/stripe-v3": {
      "version": "3.0.9",
      "resolved": "https://registry.npmjs.org/@types/stripe-v3/-/stripe-v3-3.0.9.tgz",
      "integrity": "sha512-4E3XeLo1h8e1Bg8OehIJX/q7OZblmbiDccpT4GlMQosvPyqSAkoE0PGar8/L1jz/ACP5ZqDfZQygDBx6LldGew=="
    },
    "csstype": {
      "version": "2.6.3",
      "resolved": "https://registry.npmjs.org/csstype/-/csstype-2.6.3.tgz",
      "integrity": "sha512-rINUZXOkcBmoHWEyu7JdHu5JMzkGRoMX4ov9830WNgxf5UYxcBUO0QTKAqeJ5EZfSdlrcJYkC8WwfVW7JYi4yg=="
    },
    "js-tokens": {
      "version": "4.0.0",
      "resolved": "https://registry.npmjs.org/js-tokens/-/js-tokens-4.0.0.tgz",
      "integrity": "sha512-RdJUflcE3cUzKiMqQgsCu06FPu9UdIJO0beYbPhHN4k6apgJtifcoCtT9bcxOpYBtpD2kCM6Sbzg4CausW/PKQ=="
    },
    "lodash.isplainobject": {
      "version": "4.0.6",
      "resolved": "https://registry.npmjs.org/lodash.isplainobject/-/lodash.isplainobject-4.0.6.tgz",
      "integrity": "sha1-fFJqUtibRcRcxpC4gWO+BJf1UMs="
    },
    "loose-envify": {
      "version": "1.4.0",
      "resolved": "https://registry.npmjs.org/loose-envify/-/loose-envify-1.4.0.tgz",
      "integrity": "sha512-lyuxPGr/Wfhrlem2CL/UcnUc1zcqKAImBDzukY7Y5F/yQiNdko6+fRLevlw1HgMySw7f611UIY408EtxRSoK3Q==",
      "requires": {
        "js-tokens": "^3.0.0 || ^4.0.0"
      }
    },
    "object-assign": {
      "version": "4.1.1",
      "resolved": "https://registry.npmjs.org/object-assign/-/object-assign-4.1.1.tgz",
      "integrity": "sha1-IQmtx5ZYh8/AXLvUQsrIv7s2CGM="
    },
    "prop-types": {
      "version": "15.7.2",
      "resolved": "https://registry.npmjs.org/prop-types/-/prop-types-15.7.2.tgz",
      "integrity": "sha512-8QQikdH7//R2vurIJSutZ1smHYTcLpRWEOlHnzcWHmBYrOGUysKwSsrC89BCiFj3CbrfJ/nXFdJepOVrY1GCHQ==",
      "requires": {
        "loose-envify": "^1.4.0",
        "object-assign": "^4.1.1",
        "react-is": "^16.8.1"
      }
    },
    "qs": {
      "version": "6.6.0",
      "resolved": "https://registry.npmjs.org/qs/-/qs-6.6.0.tgz",
      "integrity": "sha512-KIJqT9jQJDQx5h5uAVPimw6yVg2SekOKu959OCtktD3FjzbpvaPr8i4zzg07DOMz+igA4W/aNM7OV8H37pFYfA=="
    },
    "react-is": {
      "version": "16.8.3",
      "resolved": "https://registry.npmjs.org/react-is/-/react-is-16.8.3.tgz",
      "integrity": "sha512-Y4rC1ZJmsxxkkPuMLwvKvlL1Zfpbcu+Bf4ZigkHup3v9EfdYhAlWAaVyA19olXq2o2mGn0w+dFKvk3pVVlYcIA=="
    },
    "react-stripe-elements": {
      "version": "2.0.3",
      "resolved": "https://registry.npmjs.org/react-stripe-elements/-/react-stripe-elements-2.0.3.tgz",
      "integrity": "sha512-aKLiWyfP0n3Gq42BKykULgoruNVRXEaeYh8NSokdgH3ubGU3nsHFZJg3LgbT/XOquttDGHE7kLhleaX+UnN81A==",
      "requires": {
        "prop-types": "^15.5.10"
      }
    },
    "safe-buffer": {
      "version": "5.1.2",
      "resolved": "https://registry.npmjs.org/safe-buffer/-/safe-buffer-5.1.2.tgz",
      "integrity": "sha512-Gd2UZBJDkXlY7GbJxfsE8/nvKkUEU1G38c1siN6QP6a9PT9MmHB8GnpscSmMJSoF8LOIrt8ud/wPtojys4G6+g=="
    },
    "stripe": {
      "version": "6.25.1",
      "resolved": "https://registry.npmjs.org/stripe/-/stripe-6.25.1.tgz",
      "integrity": "sha512-e1FCDQgVWzHcyD3HBzMzl9ilhHyl9g/IFl+YlxGIx6l/5nxa0hLPK8dcHqrFyvJDkob37JzvZBaBrn45hJM7Eg==",
      "requires": {
        "lodash.isplainobject": "^4.0.6",
        "qs": "^6.6.0",
        "safe-buffer": "^5.1.1",
        "uuid": "^3.3.2"
      }
    },
    "uuid": {
      "version": "3.3.2",
      "resolved": "https://registry.npmjs.org/uuid/-/uuid-3.3.2.tgz",
      "integrity": "sha512-yXJmeNaw3DnnKAOKJE51sL/ZaYfWJRl1pK9dr19YFCu0ObS231AB1/LbqTKRAQ5kw8A90rA6fr4riOUpTZvQZA=="
    }
  }
}
